# THIS IS AN AUTOGENERATED FILE. DO NOT EDIT THIS FILE DIRECTLY.
# yarn lockfile v1


"@lit-labs/ssr-dom-shim@^1.2.0":
  version "1.2.0"
  resolved "https://registry.yarnpkg.com/@lit-labs/ssr-dom-shim/-/ssr-dom-shim-1.2.0.tgz#353ce4a76c83fadec272ea5674ede767650762fd"
  integrity sha512-yWJKmpGE6lUURKAaIltoPIE/wrbY3TEkqQt+X0m+7fQNnAv0keydnYvbiJFP1PnMhizmIWRWOG5KLhYyc/xl+g==

"@lit/reactive-element@^2.0.4":
  version "2.0.4"
  resolved "https://registry.yarnpkg.com/@lit/reactive-element/-/reactive-element-2.0.4.tgz#8f2ed950a848016383894a26180ff06c56ae001b"
  integrity sha512-GFn91inaUa2oHLak8awSIigYz0cU0Payr1rcFsrkf5OJ5eSPxElyZfKh0f2p9FsTiZWXQdWGJeXZICEfXXYSXQ==
  dependencies:
    "@lit-labs/ssr-dom-shim" "^1.2.0"

"@spectrum-web-components/base@^0.44.0":
  version "0.44.0"
  resolved "https://registry.yarnpkg.com/@spectrum-web-components/base/-/base-0.44.0.tgz#88d38e20fb1608ab31f130a7a7398ebb7a3b2cdd"
  integrity sha512-5ZQDZEzqqYQACLTguZqbQCn9avFpB4c5GKGOqJuXqQZj+1CthM4eFb0Zh41tfFkUwmPxtOKEth9zjYNK3+k+WA==
  dependencies:
    lit "^2.5.0 || ^3.1.3"

"@spectrum-web-components/styles@^0.44.0":
  version "0.44.0"
  resolved "https://registry.yarnpkg.com/@spectrum-web-components/styles/-/styles-0.44.0.tgz#c5a0086dd58157c806999a8e0c7d104a7656c875"
  integrity sha512-/SBwvbFR3he3NAv3xRaSREm5qM2EoL2MwumkWm9fFifVrNVwTziSG6NQI1nq2QBHPsZV4eDBkZJ4z3ritySnqA==
  dependencies:
    "@spectrum-web-components/base" "^0.44.0"

"@spectrum-web-components/theme@^0.44.0":
  version "0.44.0"
  resolved "https://registry.yarnpkg.com/@spectrum-web-components/theme/-/theme-0.44.0.tgz#2cb9bd118aa8df68c90d64d4f2cea94a5a598419"
  integrity sha512-T7JpgQMueDe2KLAGY2Vr8PWctTAyuuygcE35audqBAjt8cEhH34BoTmsO8EyIXd1n3wVAhUVF90tffH1/K2yLQ==
  dependencies:
    "@spectrum-web-components/base" "^0.44.0"
    "@spectrum-web-components/styles" "^0.44.0"

"@types/trusted-types@^2.0.2":
  version "2.0.7"
  resolved "https://registry.yarnpkg.com/@types/trusted-types/-/trusted-types-2.0.7.tgz#baccb07a970b91707df3a3e8ba6896c57ead2d11"
  integrity sha512-ScaPdn1dQczgbl0QFTeTOmVHFULt394XJgOQNoyVhZ6r2vLnMLJfBPd53SB52T/3G36VI1/g2MZaX0cwDuXsfw==

lit-element@^4.0.4:
  version "4.0.6"
  resolved "https://registry.yarnpkg.com/lit-element/-/lit-element-4.0.6.tgz#b9f5b5d68f30636be1314ec76c9a73a6405f04dc"
  integrity sha512-U4sdJ3CSQip7sLGZ/uJskO5hGiqtlpxndsLr6mt3IQIjheg93UKYeGQjWMRql1s/cXNOaRrCzC2FQwjIwSUqkg==
  dependencies:
    "@lit-labs/ssr-dom-shim" "^1.2.0"
    "@lit/reactive-element" "^2.0.4"
    lit-html "^3.1.2"

lit-html@^3.1.2:
  version "3.1.4"
  resolved "https://registry.yarnpkg.com/lit-html/-/lit-html-3.1.4.tgz#30ad4f11467a61e2f08856de170e343184e9034e"
  integrity sha512-yKKO2uVv7zYFHlWMfZmqc+4hkmSbFp8jgjdZY9vvR9jr4J8fH6FUMXhr+ljfELgmjpvlF7Z1SJ5n5/Jeqtc9YA==
  dependencies:
    "@types/trusted-types" "^2.0.2"

"lit@^2.5.0 || ^3.1.3":
  version "3.1.4"
  resolved "https://registry.yarnpkg.com/lit/-/lit-3.1.4.tgz#03a72e9f0b1f5da317bf49b1ab579a7132e73d7a"
  integrity sha512-q6qKnKXHy2g1kjBaNfcoLlgbI3+aSOZ9Q4tiGa9bGYXq5RBXxkVTqTIVmP2VWMp29L4GyvCFm8ZQ2o56eUAMyA==
  dependencies:
    "@lit/reactive-element" "^2.0.4"
    lit-element "^4.0.4"
    lit-html "^3.1.2"
